DEPENDENCIES
  apt
  ohai
  runit (= 1.5.10)
  tapalcatl
    path: .
    metadata: true
  user

GRAPH
  apt (6.1.0)
  build-essential (8.0.1)
    mingw (>= 1.1)
    seven_zip (>= 0.0.0)
  compat_resource (12.19.0)
  mingw (2.0.1)
    seven_zip (>= 0.0.0)
  ohai (5.0.4)
  runit (1.5.10)
    build-essential (>= 0.0.0)
    yum (~> 3.0)
    yum-epel (>= 0.0.0)
  seven_zip (2.0.2)
    windows (>= 1.2.2)
  tapalcatl (0.3.1)
    apt (>= 0.0.0)
    runit (>= 0.0.0)
    user (>= 0.0.0)
  user (0.7.0)
  windows (3.0.5)
    ohai (>= 4.0.0)
  yum (3.13.0)
  yum-epel (2.1.1)
    compat_resource (>= 12.16.3)
